
Microsoft Visual Studio Solution File, Format Version 12.00
# Visual Studio 2012
Project("{FAE04EC0-301F-11D3-BF4B-00C04F79EFBC}") = "A16_Ex05_CheckersLogic", "A16_Ex05_CheckersLogic\A16_Ex05_CheckersLogic.csproj", "{CDA9C8C2-5FE9-4353-9510-A6D8B80ACE77}"
EndProject
Project("{FAE04EC0-301F-11D3-BF4B-00C04F79EFBC}") = "A16_Ex05_CheckersForm", "A16_Ex05_CheckersForm\A16_Ex05_CheckersForm.csproj", "{008C83E3-9330-4A53-9D3D-98B590A01C20}"
EndProject
Global
	GlobalSection(SolutionConfigurationPlatforms) = preSolution
		Debug|Any CPU = Debug|Any CPU
		Release|Any CPU = Release|Any CPU
	EndGlobalSection
	GlobalSection(ProjectConfigurationPlatforms) = postSolution
		{CDA9C8C2-5FE9-4353-9510-A6D8B80ACE77}.Debug|Any CPU.ActiveCfg = Debug|Any CPU
		{CDA9C8C2-5FE9-4353-9510-A6D8B80ACE77}.Debug|Any CPU.Build.0 = Debug|Any CPU
		{CDA9C8C2-5FE9-4353-9510-A6D8B80ACE77}.Release|Any CPU.ActiveCfg = Release|Any CPU
		{CDA9C8C2-5FE9-4353-9510-A6D8B80ACE77}.Release|Any CPU.Build.0 = Release|Any CPU
		{008C83E3-9330-4A53-9D3D-98B590A01C20}.Debug|Any CPU.ActiveCfg = Debug|Any CPU
		{008C83E3-9330-4A53-9D3D-98B590A01C20}.Debug|Any CPU.Build.0 = Debug|Any CPU
		{008C83E3-9330-4A53-9D3D-98B590A01C20}.Release|Any CPU.ActiveCfg = Release|Any CPU
		{008C83E3-9330-4A53-9D3D-98B590A01C20}.Release|Any CPU.Build.0 = Release|Any CPU
	EndGlobalSection
	GlobalSection(SolutionProperties) = preSolution
		HideSolutionNode = FALSE
	EndGlobalSection
EndGlobal
